
Microsoft Visual Studio Solution File, Format Version 12.00
# Visual Studio Version 17
VisualStudioVersion = 17.6.33829.357
MinimumVisualStudioVersion = 10.0.40219.1
Project("{8BC9CEB8-8B4A-11D0-8D11-00A0C91BC942}") = "ml_easysrv", "ml_easysrv\ml_easysrv.vcxproj", "{88FFA086-D2D3-40C8-BBD5-2F2E2FB12F85}"
EndProject
Project("{8BC9CEB8-8B4A-11D0-8D11-00A0C91BC942}") = "in_easyfngetter", "in_easyfngetter\in_easyfngetter.vcxproj", "{787985B5-3C8B-4807-9BE6-8670FFA0C6FB}"
EndProject
Project("{8BC9CEB8-8B4A-11D0-8D11-00A0C91BC942}") = "srv_exampledll", "srv_exampledll\srv_exampledll.vcxproj", "{F5429CAF-F637-4798-A662-D2B1DB43A72F}"
EndProject
Project("{9A19103F-16F7-4668-BE54-9A1E7A4F7556}") = "isrv_managed", "isrv_managed\isrv_managed.csproj", "{EFE918A4-A363-48B2-9F1D-F8470C5024C7}"
EndProject
Project("{9A19103F-16F7-4668-BE54-9A1E7A4F7556}") = "msrv_exampledll", "msrv_exampledll\msrv_exampledll.csproj", "{BBBBED9C-9D41-42A9-92EA-B9C588F5B857}"
EndProject
Project("{9A19103F-16F7-4668-BE54-9A1E7A4F7556}") = "esrv_exampleexe", "esrv_exampleexe\esrv_exampleexe.csproj", "{F0F20916-0B3B-4BBB-AEAA-ED93AC7A5A5F}"
EndProject
Project("{8BC9CEB8-8B4A-11D0-8D11-00A0C91BC942}") = "srv_cdlexampledll", "srv_cdlexampledll\srv_cdlexampledll.vcxproj", "{0BAF0CBD-74AF-436C-A37A-67E7DDE1C7DC}"
EndProject
Project("{8BC9CEB8-8B4A-11D0-8D11-00A0C91BC942}") = "srv_exampledll2", "srv_exampledll2\srv_exampledll2.vcxproj", "{1FFB1191-38B9-49A3-979E-A24264DAEE92}"
EndProject
Project("{9A19103F-16F7-4668-BE54-9A1E7A4F7556}") = "esrv_exampleexe2", "esrv_exampleexe2\esrv_exampleexe2.csproj", "{CD3CC71D-420E-481C-AFD4-ED062AC45C11}"
EndProject
Project("{9A19103F-16F7-4668-BE54-9A1E7A4F7556}") = "msrv_exampledll2", "msrv_exampledll2\msrv_exampledll2.csproj", "{7B12BC90-981F-43FA-8A35-B8E397CFBF86}"
EndProject
Project("{8BC9CEB8-8B4A-11D0-8D11-00A0C91BC942}") = "isrv_mainpage", "isrv_mainpage\isrv_mainpage.vcxproj", "{D152A876-E7C7-4C1A-8ABC-67BCF44BCA00}"
EndProject
Project("{FAE04EC0-301F-11D3-BF4B-00C04F79EFBC}") = "esrv_cdlexampleexe", "esrv_cdlexampleexe\esrv_cdlexampleexe.csproj", "{7DED2427-4D82-4ECD-B233-EFADCB967A14}"
EndProject
Global
	GlobalSection(SolutionConfigurationPlatforms) = preSolution
		Debug|Any CPU = Debug|Any CPU
		Debug|x64 = Debug|x64
		Debug|x86 = Debug|x86
		Release|Any CPU = Release|Any CPU
		Release|x64 = Release|x64
		Release|x86 = Release|x86
	EndGlobalSection
	GlobalSection(ProjectConfigurationPlatforms) = postSolution
		{88FFA086-D2D3-40C8-BBD5-2F2E2FB12F85}.Debug|Any CPU.ActiveCfg = Debug|x64
		{88FFA086-D2D3-40C8-BBD5-2F2E2FB12F85}.Debug|Any CPU.Build.0 = Debug|x64
		{88FFA086-D2D3-40C8-BBD5-2F2E2FB12F85}.Debug|x64.ActiveCfg = Debug|x64
		{88FFA086-D2D3-40C8-BBD5-2F2E2FB12F85}.Debug|x64.Build.0 = Debug|x64
		{88FFA086-D2D3-40C8-BBD5-2F2E2FB12F85}.Debug|x86.ActiveCfg = Debug|Win32
		{88FFA086-D2D3-40C8-BBD5-2F2E2FB12F85}.Debug|x86.Build.0 = Debug|Win32
		{88FFA086-D2D3-40C8-BBD5-2F2E2FB12F85}.Release|Any CPU.ActiveCfg = Release|x64
		{88FFA086-D2D3-40C8-BBD5-2F2E2FB12F85}.Release|Any CPU.Build.0 = Release|x64
		{88FFA086-D2D3-40C8-BBD5-2F2E2FB12F85}.Release|x64.ActiveCfg = Release|x64
		{88FFA086-D2D3-40C8-BBD5-2F2E2FB12F85}.Release|x64.Build.0 = Release|x64
		{88FFA086-D2D3-40C8-BBD5-2F2E2FB12F85}.Release|x86.ActiveCfg = Release|Win32
		{88FFA086-D2D3-40C8-BBD5-2F2E2FB12F85}.Release|x86.Build.0 = Release|Win32
		{787985B5-3C8B-4807-9BE6-8670FFA0C6FB}.Debug|Any CPU.ActiveCfg = Debug|x64
		{787985B5-3C8B-4807-9BE6-8670FFA0C6FB}.Debug|Any CPU.Build.0 = Debug|x64
		{787985B5-3C8B-4807-9BE6-8670FFA0C6FB}.Debug|x64.ActiveCfg = Debug|x64
		{787985B5-3C8B-4807-9BE6-8670FFA0C6FB}.Debug|x64.Build.0 = Debug|x64
		{787985B5-3C8B-4807-9BE6-8670FFA0C6FB}.Debug|x86.ActiveCfg = Debug|Win32
		{787985B5-3C8B-4807-9BE6-8670FFA0C6FB}.Debug|x86.Build.0 = Debug|Win32
		{787985B5-3C8B-4807-9BE6-8670FFA0C6FB}.Release|Any CPU.ActiveCfg = Release|x64
		{787985B5-3C8B-4807-9BE6-8670FFA0C6FB}.Release|Any CPU.Build.0 = Release|x64
		{787985B5-3C8B-4807-9BE6-8670FFA0C6FB}.Release|x64.ActiveCfg = Release|x64
		{787985B5-3C8B-4807-9BE6-8670FFA0C6FB}.Release|x64.Build.0 = Release|x64
		{787985B5-3C8B-4807-9BE6-8670FFA0C6FB}.Release|x86.ActiveCfg = Release|Win32
		{787985B5-3C8B-4807-9BE6-8670FFA0C6FB}.Release|x86.Build.0 = Release|Win32
		{F5429CAF-F637-4798-A662-D2B1DB43A72F}.Debug|Any CPU.ActiveCfg = Debug|x64
		{F5429CAF-F637-4798-A662-D2B1DB43A72F}.Debug|Any CPU.Build.0 = Debug|x64
		{F5429CAF-F637-4798-A662-D2B1DB43A72F}.Debug|x64.ActiveCfg = Debug|x64
		{F5429CAF-F637-4798-A662-D2B1DB43A72F}.Debug|x64.Build.0 = Debug|x64
		{F5429CAF-F637-4798-A662-D2B1DB43A72F}.Debug|x86.ActiveCfg = Debug|Win32
		{F5429CAF-F637-4798-A662-D2B1DB43A72F}.Debug|x86.Build.0 = Debug|Win32
		{F5429CAF-F637-4798-A662-D2B1DB43A72F}.Release|Any CPU.ActiveCfg = Release|x64
		{F5429CAF-F637-4798-A662-D2B1DB43A72F}.Release|Any CPU.Build.0 = Release|x64
		{F5429CAF-F637-4798-A662-D2B1DB43A72F}.Release|x64.ActiveCfg = Release|x64
		{F5429CAF-F637-4798-A662-D2B1DB43A72F}.Release|x64.Build.0 = Release|x64
		{F5429CAF-F637-4798-A662-D2B1DB43A72F}.Release|x86.ActiveCfg = Release|Win32
		{F5429CAF-F637-4798-A662-D2B1DB43A72F}.Release|x86.Build.0 = Release|Win32
		{EFE918A4-A363-48B2-9F1D-F8470C5024C7}.Debug|Any CPU.ActiveCfg = Debug|Any CPU
		{EFE918A4-A363-48B2-9F1D-F8470C5024C7}.Debug|Any CPU.Build.0 = Debug|Any CPU
		{EFE918A4-A363-48B2-9F1D-F8470C5024C7}.Debug|x64.ActiveCfg = Debug|Any CPU
		{EFE918A4-A363-48B2-9F1D-F8470C5024C7}.Debug|x64.Build.0 = Debug|Any CPU
		{EFE918A4-A363-48B2-9F1D-F8470C5024C7}.Debug|x86.ActiveCfg = Debug|Any CPU
		{EFE918A4-A363-48B2-9F1D-F8470C5024C7}.Debug|x86.Build.0 = Debug|Any CPU
		{EFE918A4-A363-48B2-9F1D-F8470C5024C7}.Release|Any CPU.ActiveCfg = Release|Any CPU
		{EFE918A4-A363-48B2-9F1D-F8470C5024C7}.Release|Any CPU.Build.0 = Release|Any CPU
		{EFE918A4-A363-48B2-9F1D-F8470C5024C7}.Release|x64.ActiveCfg = Release|Any CPU
		{EFE918A4-A363-48B2-9F1D-F8470C5024C7}.Release|x64.Build.0 = Release|Any CPU
		{EFE918A4-A363-48B2-9F1D-F8470C5024C7}.Release|x86.ActiveCfg = Release|Any CPU
		{EFE918A4-A363-48B2-9F1D-F8470C5024C7}.Release|x86.Build.0 = Release|Any CPU
		{BBBBED9C-9D41-42A9-92EA-B9C588F5B857}.Debug|Any CPU.ActiveCfg = Debug|Any CPU
		{BBBBED9C-9D41-42A9-92EA-B9C588F5B857}.Debug|Any CPU.Build.0 = Debug|Any CPU
		{BBBBED9C-9D41-42A9-92EA-B9C588F5B857}.Debug|x64.ActiveCfg = Debug|Any CPU
		{BBBBED9C-9D41-42A9-92EA-B9C588F5B857}.Debug|x64.Build.0 = Debug|Any CPU
		{BBBBED9C-9D41-42A9-92EA-B9C588F5B857}.Debug|x86.ActiveCfg = Debug|Any CPU
		{BBBBED9C-9D41-42A9-92EA-B9C588F5B857}.Debug|x86.Build.0 = Debug|Any CPU
		{BBBBED9C-9D41-42A9-92EA-B9C588F5B857}.Release|Any CPU.ActiveCfg = Release|Any CPU
		{BBBBED9C-9D41-42A9-92EA-B9C588F5B857}.Release|Any CPU.Build.0 = Release|Any CPU
		{BBBBED9C-9D41-42A9-92EA-B9C588F5B857}.Release|x64.ActiveCfg = Release|Any CPU
		{BBBBED9C-9D41-42A9-92EA-B9C588F5B857}.Release|x64.Build.0 = Release|Any CPU
		{BBBBED9C-9D41-42A9-92EA-B9C588F5B857}.Release|x86.ActiveCfg = Release|Any CPU
		{BBBBED9C-9D41-42A9-92EA-B9C588F5B857}.Release|x86.Build.0 = Release|Any CPU
		{F0F20916-0B3B-4BBB-AEAA-ED93AC7A5A5F}.Debug|Any CPU.ActiveCfg = Debug|Any CPU
		{F0F20916-0B3B-4BBB-AEAA-ED93AC7A5A5F}.Debug|Any CPU.Build.0 = Debug|Any CPU
		{F0F20916-0B3B-4BBB-AEAA-ED93AC7A5A5F}.Debug|x64.ActiveCfg = Debug|Any CPU
		{F0F20916-0B3B-4BBB-AEAA-ED93AC7A5A5F}.Debug|x64.Build.0 = Debug|Any CPU
		{F0F20916-0B3B-4BBB-AEAA-ED93AC7A5A5F}.Debug|x86.ActiveCfg = Debug|Any CPU
		{F0F20916-0B3B-4BBB-AEAA-ED93AC7A5A5F}.Debug|x86.Build.0 = Debug|Any CPU
		{F0F20916-0B3B-4BBB-AEAA-ED93AC7A5A5F}.Release|Any CPU.ActiveCfg = Release|Any CPU
		{F0F20916-0B3B-4BBB-AEAA-ED93AC7A5A5F}.Release|Any CPU.Build.0 = Release|Any CPU
		{F0F20916-0B3B-4BBB-AEAA-ED93AC7A5A5F}.Release|x64.ActiveCfg = Release|Any CPU
		{F0F20916-0B3B-4BBB-AEAA-ED93AC7A5A5F}.Release|x64.Build.0 = Release|Any CPU
		{F0F20916-0B3B-4BBB-AEAA-ED93AC7A5A5F}.Release|x86.ActiveCfg = Release|Any CPU
		{F0F20916-0B3B-4BBB-AEAA-ED93AC7A5A5F}.Release|x86.Build.0 = Release|Any CPU
		{0BAF0CBD-74AF-436C-A37A-67E7DDE1C7DC}.Debug|Any CPU.ActiveCfg = Debug|x64
		{0BAF0CBD-74AF-436C-A37A-67E7DDE1C7DC}.Debug|Any CPU.Build.0 = Debug|x64
		{0BAF0CBD-74AF-436C-A37A-67E7DDE1C7DC}.Debug|x64.ActiveCfg = Debug|x64
		{0BAF0CBD-74AF-436C-A37A-67E7DDE1C7DC}.Debug|x64.Build.0 = Debug|x64
		{0BAF0CBD-74AF-436C-A37A-67E7DDE1C7DC}.Debug|x86.ActiveCfg = Debug|Win32
		{0BAF0CBD-74AF-436C-A37A-67E7DDE1C7DC}.Debug|x86.Build.0 = Debug|Win32
		{0BAF0CBD-74AF-436C-A37A-67E7DDE1C7DC}.Release|Any CPU.ActiveCfg = Release|x64
		{0BAF0CBD-74AF-436C-A37A-67E7DDE1C7DC}.Release|Any CPU.Build.0 = Release|x64
		{0BAF0CBD-74AF-436C-A37A-67E7DDE1C7DC}.Release|x64.ActiveCfg = Release|x64
		{0BAF0CBD-74AF-436C-A37A-67E7DDE1C7DC}.Release|x64.Build.0 = Release|x64
		{0BAF0CBD-74AF-436C-A37A-67E7DDE1C7DC}.Release|x86.ActiveCfg = Release|Win32
		{0BAF0CBD-74AF-436C-A37A-67E7DDE1C7DC}.Release|x86.Build.0 = Release|Win32
		{1FFB1191-38B9-49A3-979E-A24264DAEE92}.Debug|Any CPU.ActiveCfg = Debug|x64
		{1FFB1191-38B9-49A3-979E-A24264DAEE92}.Debug|Any CPU.Build.0 = Debug|x64
		{1FFB1191-38B9-49A3-979E-A24264DAEE92}.Debug|x64.ActiveCfg = Debug|x64
		{1FFB1191-38B9-49A3-979E-A24264DAEE92}.Debug|x64.Build.0 = Debug|x64
		{1FFB1191-38B9-49A3-979E-A24264DAEE92}.Debug|x86.ActiveCfg = Debug|Win32
		{1FFB1191-38B9-49A3-979E-A24264DAEE92}.Debug|x86.Build.0 = Debug|Win32
		{1FFB1191-38B9-49A3-979E-A24264DAEE92}.Release|Any CPU.ActiveCfg = Release|x64
		{1FFB1191-38B9-49A3-979E-A24264DAEE92}.Release|Any CPU.Build.0 = Release|x64
		{1FFB1191-38B9-49A3-979E-A24264DAEE92}.Release|x64.ActiveCfg = Release|x64
		{1FFB1191-38B9-49A3-979E-A24264DAEE92}.Release|x64.Build.0 = Release|x64
		{1FFB1191-38B9-49A3-979E-A24264DAEE92}.Release|x86.ActiveCfg = Release|Win32
		{1FFB1191-38B9-49A3-979E-A24264DAEE92}.Release|x86.Build.0 = Release|Win32
		{CD3CC71D-420E-481C-AFD4-ED062AC45C11}.Debug|Any CPU.ActiveCfg = Debug|Any CPU
		{CD3CC71D-420E-481C-AFD4-ED062AC45C11}.Debug|Any CPU.Build.0 = Debug|Any CPU
		{CD3CC71D-420E-481C-AFD4-ED062AC45C11}.Debug|x64.ActiveCfg = Debug|Any CPU
		{CD3CC71D-420E-481C-AFD4-ED062AC45C11}.Debug|x64.Build.0 = Debug|Any CPU
		{CD3CC71D-420E-481C-AFD4-ED062AC45C11}.Debug|x86.ActiveCfg = Debug|Any CPU
		{CD3CC71D-420E-481C-AFD4-ED062AC45C11}.Debug|x86.Build.0 = Debug|Any CPU
		{CD3CC71D-420E-481C-AFD4-ED062AC45C11}.Release|Any CPU.ActiveCfg = Release|Any CPU
		{CD3CC71D-420E-481C-AFD4-ED062AC45C11}.Release|Any CPU.Build.0 = Release|Any CPU
		{CD3CC71D-420E-481C-AFD4-ED062AC45C11}.Release|x64.ActiveCfg = Release|Any CPU
		{CD3CC71D-420E-481C-AFD4-ED062AC45C11}.Release|x64.Build.0 = Release|Any CPU
		{CD3CC71D-420E-481C-AFD4-ED062AC45C11}.Release|x86.ActiveCfg = Release|Any CPU
		{CD3CC71D-420E-481C-AFD4-ED062AC45C11}.Release|x86.Build.0 = Release|Any CPU
		{7B12BC90-981F-43FA-8A35-B8E397CFBF86}.Debug|Any CPU.ActiveCfg = Debug|Any CPU
		{7B12BC90-981F-43FA-8A35-B8E397CFBF86}.Debug|Any CPU.Build.0 = Debug|Any CPU
		{7B12BC90-981F-43FA-8A35-B8E397CFBF86}.Debug|x64.ActiveCfg = Debug|Any CPU
		{7B12BC90-981F-43FA-8A35-B8E397CFBF86}.Debug|x64.Build.0 = Debug|Any CPU
		{7B12BC90-981F-43FA-8A35-B8E397CFBF86}.Debug|x86.ActiveCfg = Debug|Any CPU
		{7B12BC90-981F-43FA-8A35-B8E397CFBF86}.Debug|x86.Build.0 = Debug|Any CPU
		{7B12BC90-981F-43FA-8A35-B8E397CFBF86}.Release|Any CPU.ActiveCfg = Release|Any CPU
		{7B12BC90-981F-43FA-8A35-B8E397CFBF86}.Release|Any CPU.Build.0 = Release|Any CPU
		{7B12BC90-981F-43FA-8A35-B8E397CFBF86}.Release|x64.ActiveCfg = Release|Any CPU
		{7B12BC90-981F-43FA-8A35-B8E397CFBF86}.Release|x64.Build.0 = Release|Any CPU
		{7B12BC90-981F-43FA-8A35-B8E397CFBF86}.Release|x86.ActiveCfg = Release|Any CPU
		{7B12BC90-981F-43FA-8A35-B8E397CFBF86}.Release|x86.Build.0 = Release|Any CPU
		{D152A876-E7C7-4C1A-8ABC-67BCF44BCA00}.Debug|Any CPU.ActiveCfg = Debug|x64
		{D152A876-E7C7-4C1A-8ABC-67BCF44BCA00}.Debug|Any CPU.Build.0 = Debug|x64
		{D152A876-E7C7-4C1A-8ABC-67BCF44BCA00}.Debug|x64.ActiveCfg = Debug|x64
		{D152A876-E7C7-4C1A-8ABC-67BCF44BCA00}.Debug|x64.Build.0 = Debug|x64
		{D152A876-E7C7-4C1A-8ABC-67BCF44BCA00}.Debug|x86.ActiveCfg = Debug|Win32
		{D152A876-E7C7-4C1A-8ABC-67BCF44BCA00}.Debug|x86.Build.0 = Debug|Win32
		{D152A876-E7C7-4C1A-8ABC-67BCF44BCA00}.Release|Any CPU.ActiveCfg = Release|x64
		{D152A876-E7C7-4C1A-8ABC-67BCF44BCA00}.Release|Any CPU.Build.0 = Release|x64
		{D152A876-E7C7-4C1A-8ABC-67BCF44BCA00}.Release|x64.ActiveCfg = Release|x64
		{D152A876-E7C7-4C1A-8ABC-67BCF44BCA00}.Release|x64.Build.0 = Release|x64
		{D152A876-E7C7-4C1A-8ABC-67BCF44BCA00}.Release|x86.ActiveCfg = Release|Win32
		{D152A876-E7C7-4C1A-8ABC-67BCF44BCA00}.Release|x86.Build.0 = Release|Win32
		{7DED2427-4D82-4ECD-B233-EFADCB967A14}.Debug|Any CPU.ActiveCfg = Debug|Any CPU
		{7DED2427-4D82-4ECD-B233-EFADCB967A14}.Debug|Any CPU.Build.0 = Debug|Any CPU
		{7DED2427-4D82-4ECD-B233-EFADCB967A14}.Debug|x64.ActiveCfg = Debug|Any CPU
		{7DED2427-4D82-4ECD-B233-EFADCB967A14}.Debug|x64.Build.0 = Debug|Any CPU
		{7DED2427-4D82-4ECD-B233-EFADCB967A14}.Debug|x86.ActiveCfg = Debug|Any CPU
		{7DED2427-4D82-4ECD-B233-EFADCB967A14}.Debug|x86.Build.0 = Debug|Any CPU
		{7DED2427-4D82-4ECD-B233-EFADCB967A14}.Release|Any CPU.ActiveCfg = Release|Any CPU
		{7DED2427-4D82-4ECD-B233-EFADCB967A14}.Release|Any CPU.Build.0 = Release|Any CPU
		{7DED2427-4D82-4ECD-B233-EFADCB967A14}.Release|x64.ActiveCfg = Release|Any CPU
		{7DED2427-4D82-4ECD-B233-EFADCB967A14}.Release|x64.Build.0 = Release|Any CPU
		{7DED2427-4D82-4ECD-B233-EFADCB967A14}.Release|x86.ActiveCfg = Release|Any CPU
		{7DED2427-4D82-4ECD-B233-EFADCB967A14}.Release|x86.Build.0 = Release|Any CPU
	EndGlobalSection
	GlobalSection(SolutionProperties) = preSolution
		HideSolutionNode = FALSE
	EndGlobalSection
	GlobalSection(ExtensibilityGlobals) = postSolution
		SolutionGuid = {416D083A-6B65-4B2C-8A1D-1EB0FC5342E0}
	EndGlobalSection
EndGlobal
