
Microsoft Visual Studio Solution File, Format Version 12.00
# Visual Studio Version 17
VisualStudioVersion = 17.6.33829.357
MinimumVisualStudioVersion = 10.0.40219.1
Project("{9A19103F-16F7-4668-BE54-9A1E7A4F7556}") = "esrv_youtube", "esrv_youtube\esrv_youtube.csproj", "{F5EE0FF9-EB59-4D0B-87EF-7D7E94536E12}"
EndProject
Project("{9A19103F-16F7-4668-BE54-9A1E7A4F7556}") = "esrv_spotify", "esrv_spotify\esrv_spotify.csproj", "{4DB70D09-5A3F-44F6-85EB-AFABD9100DDF}"
EndProject
Project("{9A19103F-16F7-4668-BE54-9A1E7A4F7556}") = "esrv_bandcamp", "esrv_bandcamp\esrv_bandcamp.csproj", "{873D77CB-CE6C-438D-8A2C-129F575F2D62}"
EndProject
Project("{9A19103F-16F7-4668-BE54-9A1E7A4F7556}") = "esrv_soundcloud", "esrv_soundcloud\esrv_soundcloud.csproj", "{A13742D7-563E-441E-811D-E6448BDE1050}"
EndProject
Project("{FAE04EC0-301F-11D3-BF4B-00C04F79EFBC}") = "esrv_localsearch", "esrv_localsearch\esrv_localsearch.csproj", "{9E1AEEEA-1D06-4F40-963E-5B1CDD2EC122}"
EndProject
Global
	GlobalSection(SolutionConfigurationPlatforms) = preSolution
		Debug|Any CPU = Debug|Any CPU
		Release|Any CPU = Release|Any CPU
	EndGlobalSection
	GlobalSection(ProjectConfigurationPlatforms) = postSolution
		{F5EE0FF9-EB59-4D0B-87EF-7D7E94536E12}.Debug|Any CPU.ActiveCfg = Debug|Any CPU
		{F5EE0FF9-EB59-4D0B-87EF-7D7E94536E12}.Debug|Any CPU.Build.0 = Debug|Any CPU
		{F5EE0FF9-EB59-4D0B-87EF-7D7E94536E12}.Release|Any CPU.ActiveCfg = Release|Any CPU
		{F5EE0FF9-EB59-4D0B-87EF-7D7E94536E12}.Release|Any CPU.Build.0 = Release|Any CPU
		{4DB70D09-5A3F-44F6-85EB-AFABD9100DDF}.Debug|Any CPU.ActiveCfg = Debug|Any CPU
		{4DB70D09-5A3F-44F6-85EB-AFABD9100DDF}.Debug|Any CPU.Build.0 = Debug|Any CPU
		{4DB70D09-5A3F-44F6-85EB-AFABD9100DDF}.Release|Any CPU.ActiveCfg = Release|Any CPU
		{4DB70D09-5A3F-44F6-85EB-AFABD9100DDF}.Release|Any CPU.Build.0 = Release|Any CPU
		{873D77CB-CE6C-438D-8A2C-129F575F2D62}.Debug|Any CPU.ActiveCfg = Debug|Any CPU
		{873D77CB-CE6C-438D-8A2C-129F575F2D62}.Debug|Any CPU.Build.0 = Debug|Any CPU
		{873D77CB-CE6C-438D-8A2C-129F575F2D62}.Release|Any CPU.ActiveCfg = Release|Any CPU
		{873D77CB-CE6C-438D-8A2C-129F575F2D62}.Release|Any CPU.Build.0 = Release|Any CPU
		{A13742D7-563E-441E-811D-E6448BDE1050}.Debug|Any CPU.ActiveCfg = Debug|Any CPU
		{A13742D7-563E-441E-811D-E6448BDE1050}.Debug|Any CPU.Build.0 = Debug|Any CPU
		{A13742D7-563E-441E-811D-E6448BDE1050}.Release|Any CPU.ActiveCfg = Release|Any CPU
		{A13742D7-563E-441E-811D-E6448BDE1050}.Release|Any CPU.Build.0 = Release|Any CPU
		{9E1AEEEA-1D06-4F40-963E-5B1CDD2EC122}.Debug|Any CPU.ActiveCfg = Debug|Any CPU
		{9E1AEEEA-1D06-4F40-963E-5B1CDD2EC122}.Debug|Any CPU.Build.0 = Debug|Any CPU
		{9E1AEEEA-1D06-4F40-963E-5B1CDD2EC122}.Release|Any CPU.ActiveCfg = Release|Any CPU
		{9E1AEEEA-1D06-4F40-963E-5B1CDD2EC122}.Release|Any CPU.Build.0 = Release|Any CPU
	EndGlobalSection
	GlobalSection(SolutionProperties) = preSolution
		HideSolutionNode = FALSE
	EndGlobalSection
	GlobalSection(ExtensibilityGlobals) = postSolution
		SolutionGuid = {7E67D2FE-4B08-4BD8-9202-7457C31C0C6E}
	EndGlobalSection
EndGlobal
