
Microsoft Visual Studio Solution File, Format Version 12.00
# Visual Studio Version 17
VisualStudioVersion = 17.6.33829.357
MinimumVisualStudioVersion = 10.0.40219.1
Project("{9A19103F-16F7-4668-BE54-9A1E7A4F7556}") = "esrv_youtube", "esrv_youtube\esrv_youtube.csproj", "{F5EE0FF9-EB59-4D0B-87EF-7D7E94536E12}"
EndProject
Project("{9A19103F-16F7-4668-BE54-9A1E7A4F7556}") = "esrv_spotify", "esrv_spotify\esrv_spotify.csproj", "{4DB70D09-5A3F-44F6-85EB-AFABD9100DDF}"
EndProject
Project("{9A19103F-16F7-4668-BE54-9A1E7A4F7556}") = "esrv_bandcamp", "esrv_bandcamp\esrv_bandcamp.csproj", "{873D77CB-CE6C-438D-8A2C-129F575F2D62}"
EndProject
Project("{9A19103F-16F7-4668-BE54-9A1E7A4F7556}") = "esrv_soundcloud", "esrv_soundcloud\esrv_soundcloud.csproj", "{A13742D7-563E-441E-811D-E6448BDE1050}"
EndProject
Project("{9A19103F-16F7-4668-BE54-9A1E7A4F7556}") = "esrv_localsearch", "esrv_localsearch\esrv_localsearch.csproj", "{9E1AEEEA-1D06-4F40-963E-5B1CDD2EC122}"
EndProject
Project("{8BC9CEB8-8B4A-11D0-8D11-00A0C91BC942}") = "srv_skinbrowser", "srv_skinbrowser\srv_skinbrowser.vcxproj", "{D3899838-D512-47E7-B104-F7C314C12FA6}"
EndProject
Project("{8BC9CEB8-8B4A-11D0-8D11-00A0C91BC942}") = "srv_skinbrowser2", "srv_skinbrowser2\srv_skinbrowser2.vcxproj", "{E2028C14-705A-4EDF-BD76-21E274DE44E3}"
EndProject
Project("{9A19103F-16F7-4668-BE54-9A1E7A4F7556}") = "skinbrowser2_helper", "skinbrowser2_helper\skinbrowser2_helper.csproj", "{FBBAEAFC-AB26-4405-A459-0C2738600D11}"
EndProject
Project("{8BC9CEB8-8B4A-11D0-8D11-00A0C91BC942}") = "srv_skinmuseum", "srv_skinmuseum\srv_skinmuseum.vcxproj", "{730A798A-D777-4175-A31B-68B35C90317A}"
EndProject
Project("{9A19103F-16F7-4668-BE54-9A1E7A4F7556}") = "skinmuseum_helper", "skinmuseum_helper\skinmuseum_helper.csproj", "{4CD94853-ED0F-4E60-8069-90B751FDDFAA}"
EndProject
Project("{8BC9CEB8-8B4A-11D0-8D11-00A0C91BC942}") = "srv_steamimport", "srv_steamimport\srv_steamimport.vcxproj", "{C8F7BA30-721E-4AED-BB99-69726230D1EB}"
EndProject
Global
	GlobalSection(SolutionConfigurationPlatforms) = preSolution
		Debug|Any CPU = Debug|Any CPU
		Debug|x64 = Debug|x64
		Debug|x86 = Debug|x86
		Release|Any CPU = Release|Any CPU
		Release|x64 = Release|x64
		Release|x86 = Release|x86
	EndGlobalSection
	GlobalSection(ProjectConfigurationPlatforms) = postSolution
		{F5EE0FF9-EB59-4D0B-87EF-7D7E94536E12}.Debug|Any CPU.ActiveCfg = Debug|Any CPU
		{F5EE0FF9-EB59-4D0B-87EF-7D7E94536E12}.Debug|Any CPU.Build.0 = Debug|Any CPU
		{F5EE0FF9-EB59-4D0B-87EF-7D7E94536E12}.Debug|x64.ActiveCfg = Debug|Any CPU
		{F5EE0FF9-EB59-4D0B-87EF-7D7E94536E12}.Debug|x64.Build.0 = Debug|Any CPU
		{F5EE0FF9-EB59-4D0B-87EF-7D7E94536E12}.Debug|x86.ActiveCfg = Debug|Any CPU
		{F5EE0FF9-EB59-4D0B-87EF-7D7E94536E12}.Debug|x86.Build.0 = Debug|Any CPU
		{F5EE0FF9-EB59-4D0B-87EF-7D7E94536E12}.Release|Any CPU.ActiveCfg = Release|Any CPU
		{F5EE0FF9-EB59-4D0B-87EF-7D7E94536E12}.Release|Any CPU.Build.0 = Release|Any CPU
		{F5EE0FF9-EB59-4D0B-87EF-7D7E94536E12}.Release|x64.ActiveCfg = Release|Any CPU
		{F5EE0FF9-EB59-4D0B-87EF-7D7E94536E12}.Release|x64.Build.0 = Release|Any CPU
		{F5EE0FF9-EB59-4D0B-87EF-7D7E94536E12}.Release|x86.ActiveCfg = Release|Any CPU
		{F5EE0FF9-EB59-4D0B-87EF-7D7E94536E12}.Release|x86.Build.0 = Release|Any CPU
		{4DB70D09-5A3F-44F6-85EB-AFABD9100DDF}.Debug|Any CPU.ActiveCfg = Debug|Any CPU
		{4DB70D09-5A3F-44F6-85EB-AFABD9100DDF}.Debug|Any CPU.Build.0 = Debug|Any CPU
		{4DB70D09-5A3F-44F6-85EB-AFABD9100DDF}.Debug|x64.ActiveCfg = Debug|Any CPU
		{4DB70D09-5A3F-44F6-85EB-AFABD9100DDF}.Debug|x64.Build.0 = Debug|Any CPU
		{4DB70D09-5A3F-44F6-85EB-AFABD9100DDF}.Debug|x86.ActiveCfg = Debug|Any CPU
		{4DB70D09-5A3F-44F6-85EB-AFABD9100DDF}.Debug|x86.Build.0 = Debug|Any CPU
		{4DB70D09-5A3F-44F6-85EB-AFABD9100DDF}.Release|Any CPU.ActiveCfg = Release|Any CPU
		{4DB70D09-5A3F-44F6-85EB-AFABD9100DDF}.Release|Any CPU.Build.0 = Release|Any CPU
		{4DB70D09-5A3F-44F6-85EB-AFABD9100DDF}.Release|x64.ActiveCfg = Release|Any CPU
		{4DB70D09-5A3F-44F6-85EB-AFABD9100DDF}.Release|x64.Build.0 = Release|Any CPU
		{4DB70D09-5A3F-44F6-85EB-AFABD9100DDF}.Release|x86.ActiveCfg = Release|Any CPU
		{4DB70D09-5A3F-44F6-85EB-AFABD9100DDF}.Release|x86.Build.0 = Release|Any CPU
		{873D77CB-CE6C-438D-8A2C-129F575F2D62}.Debug|Any CPU.ActiveCfg = Debug|Any CPU
		{873D77CB-CE6C-438D-8A2C-129F575F2D62}.Debug|Any CPU.Build.0 = Debug|Any CPU
		{873D77CB-CE6C-438D-8A2C-129F575F2D62}.Debug|x64.ActiveCfg = Debug|Any CPU
		{873D77CB-CE6C-438D-8A2C-129F575F2D62}.Debug|x64.Build.0 = Debug|Any CPU
		{873D77CB-CE6C-438D-8A2C-129F575F2D62}.Debug|x86.ActiveCfg = Debug|Any CPU
		{873D77CB-CE6C-438D-8A2C-129F575F2D62}.Debug|x86.Build.0 = Debug|Any CPU
		{873D77CB-CE6C-438D-8A2C-129F575F2D62}.Release|Any CPU.ActiveCfg = Release|Any CPU
		{873D77CB-CE6C-438D-8A2C-129F575F2D62}.Release|Any CPU.Build.0 = Release|Any CPU
		{873D77CB-CE6C-438D-8A2C-129F575F2D62}.Release|x64.ActiveCfg = Release|Any CPU
		{873D77CB-CE6C-438D-8A2C-129F575F2D62}.Release|x64.Build.0 = Release|Any CPU
		{873D77CB-CE6C-438D-8A2C-129F575F2D62}.Release|x86.ActiveCfg = Release|Any CPU
		{873D77CB-CE6C-438D-8A2C-129F575F2D62}.Release|x86.Build.0 = Release|Any CPU
		{A13742D7-563E-441E-811D-E6448BDE1050}.Debug|Any CPU.ActiveCfg = Debug|Any CPU
		{A13742D7-563E-441E-811D-E6448BDE1050}.Debug|Any CPU.Build.0 = Debug|Any CPU
		{A13742D7-563E-441E-811D-E6448BDE1050}.Debug|x64.ActiveCfg = Debug|Any CPU
		{A13742D7-563E-441E-811D-E6448BDE1050}.Debug|x64.Build.0 = Debug|Any CPU
		{A13742D7-563E-441E-811D-E6448BDE1050}.Debug|x86.ActiveCfg = Debug|Any CPU
		{A13742D7-563E-441E-811D-E6448BDE1050}.Debug|x86.Build.0 = Debug|Any CPU
		{A13742D7-563E-441E-811D-E6448BDE1050}.Release|Any CPU.ActiveCfg = Release|Any CPU
		{A13742D7-563E-441E-811D-E6448BDE1050}.Release|Any CPU.Build.0 = Release|Any CPU
		{A13742D7-563E-441E-811D-E6448BDE1050}.Release|x64.ActiveCfg = Release|Any CPU
		{A13742D7-563E-441E-811D-E6448BDE1050}.Release|x64.Build.0 = Release|Any CPU
		{A13742D7-563E-441E-811D-E6448BDE1050}.Release|x86.ActiveCfg = Release|Any CPU
		{A13742D7-563E-441E-811D-E6448BDE1050}.Release|x86.Build.0 = Release|Any CPU
		{9E1AEEEA-1D06-4F40-963E-5B1CDD2EC122}.Debug|Any CPU.ActiveCfg = Debug|Any CPU
		{9E1AEEEA-1D06-4F40-963E-5B1CDD2EC122}.Debug|Any CPU.Build.0 = Debug|Any CPU
		{9E1AEEEA-1D06-4F40-963E-5B1CDD2EC122}.Debug|x64.ActiveCfg = Debug|Any CPU
		{9E1AEEEA-1D06-4F40-963E-5B1CDD2EC122}.Debug|x64.Build.0 = Debug|Any CPU
		{9E1AEEEA-1D06-4F40-963E-5B1CDD2EC122}.Debug|x86.ActiveCfg = Debug|Any CPU
		{9E1AEEEA-1D06-4F40-963E-5B1CDD2EC122}.Debug|x86.Build.0 = Debug|Any CPU
		{9E1AEEEA-1D06-4F40-963E-5B1CDD2EC122}.Release|Any CPU.ActiveCfg = Release|Any CPU
		{9E1AEEEA-1D06-4F40-963E-5B1CDD2EC122}.Release|Any CPU.Build.0 = Release|Any CPU
		{9E1AEEEA-1D06-4F40-963E-5B1CDD2EC122}.Release|x64.ActiveCfg = Release|Any CPU
		{9E1AEEEA-1D06-4F40-963E-5B1CDD2EC122}.Release|x64.Build.0 = Release|Any CPU
		{9E1AEEEA-1D06-4F40-963E-5B1CDD2EC122}.Release|x86.ActiveCfg = Release|Any CPU
		{9E1AEEEA-1D06-4F40-963E-5B1CDD2EC122}.Release|x86.Build.0 = Release|Any CPU
		{D3899838-D512-47E7-B104-F7C314C12FA6}.Debug|Any CPU.ActiveCfg = Debug|x64
		{D3899838-D512-47E7-B104-F7C314C12FA6}.Debug|Any CPU.Build.0 = Debug|x64
		{D3899838-D512-47E7-B104-F7C314C12FA6}.Debug|x64.ActiveCfg = Debug|x64
		{D3899838-D512-47E7-B104-F7C314C12FA6}.Debug|x64.Build.0 = Debug|x64
		{D3899838-D512-47E7-B104-F7C314C12FA6}.Debug|x86.ActiveCfg = Debug|Win32
		{D3899838-D512-47E7-B104-F7C314C12FA6}.Debug|x86.Build.0 = Debug|Win32
		{D3899838-D512-47E7-B104-F7C314C12FA6}.Release|Any CPU.ActiveCfg = Release|x64
		{D3899838-D512-47E7-B104-F7C314C12FA6}.Release|Any CPU.Build.0 = Release|x64
		{D3899838-D512-47E7-B104-F7C314C12FA6}.Release|x64.ActiveCfg = Release|x64
		{D3899838-D512-47E7-B104-F7C314C12FA6}.Release|x64.Build.0 = Release|x64
		{D3899838-D512-47E7-B104-F7C314C12FA6}.Release|x86.ActiveCfg = Release|Win32
		{D3899838-D512-47E7-B104-F7C314C12FA6}.Release|x86.Build.0 = Release|Win32
		{E2028C14-705A-4EDF-BD76-21E274DE44E3}.Debug|Any CPU.ActiveCfg = Debug|x64
		{E2028C14-705A-4EDF-BD76-21E274DE44E3}.Debug|Any CPU.Build.0 = Debug|x64
		{E2028C14-705A-4EDF-BD76-21E274DE44E3}.Debug|x64.ActiveCfg = Debug|x64
		{E2028C14-705A-4EDF-BD76-21E274DE44E3}.Debug|x64.Build.0 = Debug|x64
		{E2028C14-705A-4EDF-BD76-21E274DE44E3}.Debug|x86.ActiveCfg = Debug|Win32
		{E2028C14-705A-4EDF-BD76-21E274DE44E3}.Debug|x86.Build.0 = Debug|Win32
		{E2028C14-705A-4EDF-BD76-21E274DE44E3}.Release|Any CPU.ActiveCfg = Release|x64
		{E2028C14-705A-4EDF-BD76-21E274DE44E3}.Release|Any CPU.Build.0 = Release|x64
		{E2028C14-705A-4EDF-BD76-21E274DE44E3}.Release|x64.ActiveCfg = Release|x64
		{E2028C14-705A-4EDF-BD76-21E274DE44E3}.Release|x64.Build.0 = Release|x64
		{E2028C14-705A-4EDF-BD76-21E274DE44E3}.Release|x86.ActiveCfg = Release|Win32
		{E2028C14-705A-4EDF-BD76-21E274DE44E3}.Release|x86.Build.0 = Release|Win32
		{FBBAEAFC-AB26-4405-A459-0C2738600D11}.Debug|Any CPU.ActiveCfg = Debug|Any CPU
		{FBBAEAFC-AB26-4405-A459-0C2738600D11}.Debug|Any CPU.Build.0 = Debug|Any CPU
		{FBBAEAFC-AB26-4405-A459-0C2738600D11}.Debug|x64.ActiveCfg = Debug|Any CPU
		{FBBAEAFC-AB26-4405-A459-0C2738600D11}.Debug|x64.Build.0 = Debug|Any CPU
		{FBBAEAFC-AB26-4405-A459-0C2738600D11}.Debug|x86.ActiveCfg = Debug|Any CPU
		{FBBAEAFC-AB26-4405-A459-0C2738600D11}.Debug|x86.Build.0 = Debug|Any CPU
		{FBBAEAFC-AB26-4405-A459-0C2738600D11}.Release|Any CPU.ActiveCfg = Release|Any CPU
		{FBBAEAFC-AB26-4405-A459-0C2738600D11}.Release|Any CPU.Build.0 = Release|Any CPU
		{FBBAEAFC-AB26-4405-A459-0C2738600D11}.Release|x64.ActiveCfg = Release|Any CPU
		{FBBAEAFC-AB26-4405-A459-0C2738600D11}.Release|x64.Build.0 = Release|Any CPU
		{FBBAEAFC-AB26-4405-A459-0C2738600D11}.Release|x86.ActiveCfg = Release|Any CPU
		{FBBAEAFC-AB26-4405-A459-0C2738600D11}.Release|x86.Build.0 = Release|Any CPU
		{730A798A-D777-4175-A31B-68B35C90317A}.Debug|Any CPU.ActiveCfg = Debug|x64
		{730A798A-D777-4175-A31B-68B35C90317A}.Debug|Any CPU.Build.0 = Debug|x64
		{730A798A-D777-4175-A31B-68B35C90317A}.Debug|x64.ActiveCfg = Debug|x64
		{730A798A-D777-4175-A31B-68B35C90317A}.Debug|x64.Build.0 = Debug|x64
		{730A798A-D777-4175-A31B-68B35C90317A}.Debug|x86.ActiveCfg = Debug|Win32
		{730A798A-D777-4175-A31B-68B35C90317A}.Debug|x86.Build.0 = Debug|Win32
		{730A798A-D777-4175-A31B-68B35C90317A}.Release|Any CPU.ActiveCfg = Release|x64
		{730A798A-D777-4175-A31B-68B35C90317A}.Release|Any CPU.Build.0 = Release|x64
		{730A798A-D777-4175-A31B-68B35C90317A}.Release|x64.ActiveCfg = Release|x64
		{730A798A-D777-4175-A31B-68B35C90317A}.Release|x64.Build.0 = Release|x64
		{730A798A-D777-4175-A31B-68B35C90317A}.Release|x86.ActiveCfg = Release|Win32
		{730A798A-D777-4175-A31B-68B35C90317A}.Release|x86.Build.0 = Release|Win32
		{4CD94853-ED0F-4E60-8069-90B751FDDFAA}.Debug|Any CPU.ActiveCfg = Debug|Any CPU
		{4CD94853-ED0F-4E60-8069-90B751FDDFAA}.Debug|Any CPU.Build.0 = Debug|Any CPU
		{4CD94853-ED0F-4E60-8069-90B751FDDFAA}.Debug|x64.ActiveCfg = Debug|Any CPU
		{4CD94853-ED0F-4E60-8069-90B751FDDFAA}.Debug|x64.Build.0 = Debug|Any CPU
		{4CD94853-ED0F-4E60-8069-90B751FDDFAA}.Debug|x86.ActiveCfg = Debug|Any CPU
		{4CD94853-ED0F-4E60-8069-90B751FDDFAA}.Debug|x86.Build.0 = Debug|Any CPU
		{4CD94853-ED0F-4E60-8069-90B751FDDFAA}.Release|Any CPU.ActiveCfg = Release|Any CPU
		{4CD94853-ED0F-4E60-8069-90B751FDDFAA}.Release|Any CPU.Build.0 = Release|Any CPU
		{4CD94853-ED0F-4E60-8069-90B751FDDFAA}.Release|x64.ActiveCfg = Release|Any CPU
		{4CD94853-ED0F-4E60-8069-90B751FDDFAA}.Release|x64.Build.0 = Release|Any CPU
		{4CD94853-ED0F-4E60-8069-90B751FDDFAA}.Release|x86.ActiveCfg = Release|Any CPU
		{4CD94853-ED0F-4E60-8069-90B751FDDFAA}.Release|x86.Build.0 = Release|Any CPU
		{C8F7BA30-721E-4AED-BB99-69726230D1EB}.Debug|Any CPU.ActiveCfg = Debug|x64
		{C8F7BA30-721E-4AED-BB99-69726230D1EB}.Debug|Any CPU.Build.0 = Debug|x64
		{C8F7BA30-721E-4AED-BB99-69726230D1EB}.Debug|x64.ActiveCfg = Debug|x64
		{C8F7BA30-721E-4AED-BB99-69726230D1EB}.Debug|x64.Build.0 = Debug|x64
		{C8F7BA30-721E-4AED-BB99-69726230D1EB}.Debug|x86.ActiveCfg = Debug|Win32
		{C8F7BA30-721E-4AED-BB99-69726230D1EB}.Debug|x86.Build.0 = Debug|Win32
		{C8F7BA30-721E-4AED-BB99-69726230D1EB}.Release|Any CPU.ActiveCfg = Release|x64
		{C8F7BA30-721E-4AED-BB99-69726230D1EB}.Release|Any CPU.Build.0 = Release|x64
		{C8F7BA30-721E-4AED-BB99-69726230D1EB}.Release|x64.ActiveCfg = Release|x64
		{C8F7BA30-721E-4AED-BB99-69726230D1EB}.Release|x64.Build.0 = Release|x64
		{C8F7BA30-721E-4AED-BB99-69726230D1EB}.Release|x86.ActiveCfg = Release|Win32
		{C8F7BA30-721E-4AED-BB99-69726230D1EB}.Release|x86.Build.0 = Release|Win32
	EndGlobalSection
	GlobalSection(SolutionProperties) = preSolution
		HideSolutionNode = FALSE
	EndGlobalSection
	GlobalSection(ExtensibilityGlobals) = postSolution
		SolutionGuid = {7E67D2FE-4B08-4BD8-9202-7457C31C0C6E}
	EndGlobalSection
EndGlobal
